// !$*UTF8*$!
{
	archiveVersion = 1;
	classes = {
	};
	objectVersion = 77;
	objects = {

/* Begin PBXBuildFile section */
		03D61A4094046694E297F8E0 /* AdCadence.swift in Sources */ = {isa = PBXBuildFile; fileRef = 33712430173896334212254A /* AdCadence.swift */; };
		075272E8B5062504E0786216 /* AdConfiguration.plist in Resources */ = {isa = PBXBuildFile; fileRef = 45BF11DA0CEA98D9A527D17F /* AdConfiguration.plist */; };
		09818897DE79B180E63B930A /* AudioServing.swift in Sources */ = {isa = PBXBuildFile; fileRef = 32C75ACAC50593381E09FEB1 /* AudioServing.swift */; };
		0AB7A03AB3ED3318AE6B5056 /* FileSaveStore.swift in Sources */ = {isa = PBXBuildFile; fileRef = E1D4FB276AED5A1C2F29AC20 /* FileSaveStore.swift */; };
		10397F5369803CD173BA1C2E /* Localizable.xcstrings in Resources */ = {isa = PBXBuildFile; fileRef = 44B4F820B028FAEDC12BC2BE /* Localizable.xcstrings */; };
		1390645581F3FD8F3147F207 /* GameCenterSubmissionQueue.swift in Sources */ = {isa = PBXBuildFile; fileRef = 6B35D0AE7BC598CD46D7544B /* GameCenterSubmissionQueue.swift */; };
		1566C6B2F2D6AECE679E4D33 /* GameCenterQueueTests.swift in Sources */ = {isa = PBXBuildFile; fileRef = D7DC61B04E40074849A800B5 /* GameCenterQueueTests.swift */; };
		185ADAC5B0D38835E444F575 /* Missions.swift in Sources */ = {isa = PBXBuildFile; fileRef = 4D1D1416FA214CCE8156FA52 /* Missions.swift */; };
		216D33EBD8867B05B951758C /* AdCadenceTests.swift in Sources */ = {isa = PBXBuildFile; fileRef = 365C2BF814ADD50E682DF4C9 /* AdCadenceTests.swift */; };
		2407744EF9FA343654915F1D /* CombatTypes.swift in Sources */ = {isa = PBXBuildFile; fileRef = ED37E8013E690C8700378A84 /* CombatTypes.swift */; };
		2501344409E064C4639A4FB9 /* NeonTheme.swift in Sources */ = {isa = PBXBuildFile; fileRef = 9C44D23338AD635470A0C3BF /* NeonTheme.swift */; };
		2903894849C8FD91FD25275B /* HomeView.swift in Sources */ = {isa = PBXBuildFile; fileRef = 162381D6BE74BC06BBEA8FDB /* HomeView.swift */; };
		2A9C70D4C0B76AA1360D6A17 /* HapticServing.swift in Sources */ = {isa = PBXBuildFile; fileRef = 9179B2E8CFD14C710F9A8A36 /* HapticServing.swift */; };
		36CA979B030834FD94776AB9 /* GoogleAdService.swift in Sources */ = {isa = PBXBuildFile; fileRef = 3C8AE08E3A9C58C9089365BD /* GoogleAdService.swift */; };
		3BEF20A594AA5A0292CC73C1 /* GoogleConsentManager.swift in Sources */ = {isa = PBXBuildFile; fileRef = 09099FEBA767E0D4727A98D0 /* GoogleConsentManager.swift */; };
		3BFC1B4B27C8B4EB3B1F7CE4 /* GameSessionModel.swift in Sources */ = {isa = PBXBuildFile; fileRef = 0DF13490E61039472BB1768A /* GameSessionModel.swift */; };
		3D53FF8B341310E53744148B /* GameCenterServing.swift in Sources */ = {isa = PBXBuildFile; fileRef = 2DF7B4BCD1D417C98CAB9620 /* GameCenterServing.swift */; };
		493E8DA2592FEE7402701666 /* SaveStoreTests.swift in Sources */ = {isa = PBXBuildFile; fileRef = 4C99064959B7544D3E168580 /* SaveStoreTests.swift */; };
		51CC8562E2D25783BE84BCAC /* ambient_loop.wav in Resources */ = {isa = PBXBuildFile; fileRef = D974E826265380CFFA7A78CE /* ambient_loop.wav */; };
		5208B1812BCE275D3AB6F547 /* AppDependencies.swift in Sources */ = {isa = PBXBuildFile; fileRef = A723FACC80D05233C499BC84 /* AppDependencies.swift */; };
		52BF3536EBF150419B096382 /* SmokeTests.swift in Sources */ = {isa = PBXBuildFile; fileRef = 3172A5F0F40B264361BBD1D1 /* SmokeTests.swift */; };
		535552C3F47CB5AC8D41711E /* LastBeaconApp.swift in Sources */ = {isa = PBXBuildFile; fileRef = 6F0B25FC3372D39C138DB05B /* LastBeaconApp.swift */; };
		605C185D42A06650B0EF8095 /* Upgrades.swift in Sources */ = {isa = PBXBuildFile; fileRef = DC0F6087B214EBAED06A4A60 /* Upgrades.swift */; };
		61F319DBFC8E67E2BCD659A0 /* victory.wav in Resources */ = {isa = PBXBuildFile; fileRef = 95BC772C168D3271CAC13CAE /* victory.wav */; };
		6387C098BECD121F20998F5D /* Progression.swift in Sources */ = {isa = PBXBuildFile; fileRef = 5E48FB0A20BE05603B63D0C5 /* Progression.swift */; };
		6B15D33C5336DADCEE69E8A1 /* GameClock.swift in Sources */ = {isa = PBXBuildFile; fileRef = 7853D95B7FE06C56FA2F08AC /* GameClock.swift */; };
		704FC9D67054168C216CEC9F /* Assets.xcassets in Resources */ = {isa = PBXBuildFile; fileRef = 91E9BECB6E5C7E1ED41FE775 /* Assets.xcassets */; };
		76E1704A62338275C4E541CE /* SaveStore.swift in Sources */ = {isa = PBXBuildFile; fileRef = 0DBB0162B8FC4A56520B3507 /* SaveStore.swift */; };
		79C9C60BD08E42507ACB8E9D /* AppModelTests.swift in Sources */ = {isa = PBXBuildFile; fileRef = 4F5DF832C864F25085FC4E62 /* AppModelTests.swift */; };
		7B7825FE1970266E2D0822B2 /* ConsentManaging.swift in Sources */ = {isa = PBXBuildFile; fileRef = 619BED3F3A914E8E02A0E2AD /* ConsentManaging.swift */; };
		846D4BF1E3C4AB663AE99E4B /* GameState.swift in Sources */ = {isa = PBXBuildFile; fileRef = BD418DBDF14368F9D5036E75 /* GameState.swift */; };
		8638A72C6771A05E2344CE8D /* PrivacyInfo.xcprivacy in Resources */ = {isa = PBXBuildFile; fileRef = 46AF581CB99853DEFE9563F8 /* PrivacyInfo.xcprivacy */; };
		879F0B67096327D71DEBDC96 /* GameSessionTests.swift in Sources */ = {isa = PBXBuildFile; fileRef = F5BE8F3232F178758A2C4E4A /* GameSessionTests.swift */; };
		884D7472C6B5B95771C2EA57 /* ContentCatalogTests.swift in Sources */ = {isa = PBXBuildFile; fileRef = B1EF080762E6C481CCA6E27E /* ContentCatalogTests.swift */; };
		8E45F4C72E9011557AD808C6 /* AdServing.swift in Sources */ = {isa = PBXBuildFile; fileRef = 36596CDA186F0E9488333DD8 /* AdServing.swift */; };
		8EAECDE58DA917D08ED254AF /* SeededGenerator.swift in Sources */ = {isa = PBXBuildFile; fileRef = FCD111B767F898E2BDAD7293 /* SeededGenerator.swift */; };
		9A821A4BD3D8A98A4F5882F5 /* AdInitializationGate.swift in Sources */ = {isa = PBXBuildFile; fileRef = C40BAB039B56F0E8816AB390 /* AdInitializationGate.swift */; };
		9B689571FA131968908A769D /* AdUnitConfiguration.swift in Sources */ = {isa = PBXBuildFile; fileRef = 287978B3EBC8A6C3E4D8077F /* AdUnitConfiguration.swift */; };
		9CE60112BF1B22901768BC6A /* tower.wav in Resources */ = {isa = PBXBuildFile; fileRef = FDFE617877812926D7119669 /* tower.wav */; };
		A5AC87D1714D923893301085 /* SaveDocument.swift in Sources */ = {isa = PBXBuildFile; fileRef = D6165462DB6DF93FC5646BDD /* SaveDocument.swift */; };
		AF51B6686799599CCEEE1EE1 /* ContentCatalog.swift in Sources */ = {isa = PBXBuildFile; fileRef = B36EC0B274833C97DD11C8AA /* ContentCatalog.swift */; };
		C038FBC278F2026224B11627 /* ConsentTests.swift in Sources */ = {isa = PBXBuildFile; fileRef = 581073484676CCD80A8968AB /* ConsentTests.swift */; };
		C07B14FE82B6ADDF773D8BB9 /* GoogleMobileAds in Frameworks */ = {isa = PBXBuildFile; productRef = 3A126CB56BB7F193958973BD /* GoogleMobileAds */; };
		C965E0FA4600E97791806E1D /* GameClockTests.swift in Sources */ = {isa = PBXBuildFile; fileRef = EB2784395F579FB548AB6651 /* GameClockTests.swift */; };
		C96EACEC7CA01E5794F34251 /* MissionSelectView.swift in Sources */ = {isa = PBXBuildFile; fileRef = E3E3D84DC9046842FCFFF48D /* MissionSelectView.swift */; };
		D0DF7436CA94B4134767F839 /* BattlefieldRenderer.swift in Sources */ = {isa = PBXBuildFile; fileRef = 2CE49FB49E16152CAC600D87 /* BattlefieldRenderer.swift */; };
		D9AE178A9F68BAD842271525 /* TutorialUITests.swift in Sources */ = {isa = PBXBuildFile; fileRef = 60685EA0D843C75EF14B7768 /* TutorialUITests.swift */; };
		DB718CAED06298CA2E4A3DFD /* LocalizationTests.swift in Sources */ = {isa = PBXBuildFile; fileRef = F0AAB1E16F9F31D704B87311 /* LocalizationTests.swift */; };
		DBA3B4604762A7E871A59BDA /* GameHostView.swift in Sources */ = {isa = PBXBuildFile; fileRef = 0B2B1557A95D1CB44697481E /* GameHostView.swift */; };
		DBEDC005B442BD45AA0CA44E /* SettingsView.swift in Sources */ = {isa = PBXBuildFile; fileRef = DDA0282EB2C03E1BDC121998 /* SettingsView.swift */; };
		DFF1C61C198977474AC7A9D9 /* ProgressionTests.swift in Sources */ = {isa = PBXBuildFile; fileRef = 3359ABF261CFA9F846D93EFF /* ProgressionTests.swift */; };
		E6E55DC8BF838CD6B03F84A2 /* ResultsView.swift in Sources */ = {isa = PBXBuildFile; fileRef = 82A1130E5FB53B4F770149A2 /* ResultsView.swift */; };
		EC1693961F29FD610C75EC2A /* LaunchSmokeUITests.swift in Sources */ = {isa = PBXBuildFile; fileRef = 0BE243DB72F2D4141E270EF7 /* LaunchSmokeUITests.swift */; };
		EF8C2C1E203CAE23D7A5995C /* TutorialCoordinatorTests.swift in Sources */ = {isa = PBXBuildFile; fileRef = 9ED0F1502708C7C1026977C2 /* TutorialCoordinatorTests.swift */; };
		F0761970EC83D6FEE00AA313 /* GameEngineTests.swift in Sources */ = {isa = PBXBuildFile; fileRef = 95335643ECF7331DCFD0D443 /* GameEngineTests.swift */; };
		F252DCAD630E46373E720AC2 /* TutorialCoordinator.swift in Sources */ = {isa = PBXBuildFile; fileRef = EC3EEDBC43E2A1F43951AFC4 /* TutorialCoordinator.swift */; };
		F308F67CCE2AAC03348F395D /* defeat.wav in Resources */ = {isa = PBXBuildFile; fileRef = 7377896AF8394480E5A1937E /* defeat.wav */; };
		F3D3832E90B72BFC31CD6715 /* BattlefieldScene.swift in Sources */ = {isa = PBXBuildFile; fileRef = 38BF1074826D8923ED29E1C1 /* BattlefieldScene.swift */; };
		F5C2639DE4D2180211545A4A /* InfoPlist.strings in Resources */ = {isa = PBXBuildFile; fileRef = D760BE537980EEE4ED7D8F3C /* InfoPlist.strings */; };
		FB6E93B62A7DAD3284B0CA60 /* GameEngine.swift in Sources */ = {isa = PBXBuildFile; fileRef = 35140565F421F06F71D5E9BA /* GameEngine.swift */; };
		FED1990571B2A59EA032212A /* AppModel.swift in Sources */ = {isa = PBXBuildFile; fileRef = E905CA2E1AF4372CBE273100 /* AppModel.swift */; };
/* End PBXBuildFile section */

/* Begin PBXContainerItemProxy section */
		589CA60CDE9F5511263EBDDE /* PBXContainerItemProxy */ = {
			isa = PBXContainerItemProxy;
			containerPortal = B8C498C9E70F428B53459ED9 /* Project object */;
			proxyType = 1;
			remoteGlobalIDString = EB5D6D8E994374837B007D05;
			remoteInfo = LastBeacon;
		};
		A39D6D3C8D1187023C964084 /* PBXContainerItemProxy */ = {
			isa = PBXContainerItemProxy;
			containerPortal = B8C498C9E70F428B53459ED9 /* Project object */;
			proxyType = 1;
			remoteGlobalIDString = EB5D6D8E994374837B007D05;
			remoteInfo = LastBeacon;
		};
/* End PBXContainerItemProxy section */

/* Begin PBXFileReference section */
		09099FEBA767E0D4727A98D0 /* GoogleConsentManager.swift */ = {isa = PBXFileReference; lastKnownFileType = sourcecode.swift; path = GoogleConsentManager.swift; sourceTree = "<group>"; };
		0B2B1557A95D1CB44697481E /* GameHostView.swift */ = {isa = PBXFileReference; lastKnownFileType = sourcecode.swift; path = GameHostView.swift; sourceTree = "<group>"; };
		0BE243DB72F2D4141E270EF7 /* LaunchSmokeUITests.swift */ = {isa = PBXFileReference; lastKnownFileType = sourcecode.swift; path = LaunchSmokeUITests.swift; sourceTree = "<group>"; };
		0DBB0162B8FC4A56520B3507 /* SaveStore.swift */ = {isa = PBXFileReference; lastKnownFileType = sourcecode.swift; path = SaveStore.swift; sourceTree = "<group>"; };
		0DF13490E61039472BB1768A /* GameSessionModel.swift */ = {isa = PBXFileReference; lastKnownFileType = sourcecode.swift; path = GameSessionModel.swift; sourceTree = "<group>"; };
		162381D6BE74BC06BBEA8FDB /* HomeView.swift */ = {isa = PBXFileReference; lastKnownFileType = sourcecode.swift; path = HomeView.swift; sourceTree = "<group>"; };
		1F5F49C6490E8ADEC2FC6EEB /* LastBeaconTests.xctest */ = {isa = PBXFileReference; includeInIndex = 0; lastKnownFileType = wrapper.cfbundle; path = LastBeaconTests.xctest; sourceTree = BUILT_PRODUCTS_DIR; };
		287978B3EBC8A6C3E4D8077F /* AdUnitConfiguration.swift */ = {isa = PBXFileReference; lastKnownFileType = sourcecode.swift; path = AdUnitConfiguration.swift; sourceTree = "<group>"; };
		2CE49FB49E16152CAC600D87 /* BattlefieldRenderer.swift */ = {isa = PBXFileReference; lastKnownFileType = sourcecode.swift; path = BattlefieldRenderer.swift; sourceTree = "<group>"; };
		2DF7B4BCD1D417C98CAB9620 /* GameCenterServing.swift */ = {isa = PBXFileReference; lastKnownFileType = sourcecode.swift; path = GameCenterServing.swift; sourceTree = "<group>"; };
		3172A5F0F40B264361BBD1D1 /* SmokeTests.swift */ = {isa = PBXFileReference; lastKnownFileType = sourcecode.swift; path = SmokeTests.swift; sourceTree = "<group>"; };
		32C75ACAC50593381E09FEB1 /* AudioServing.swift */ = {isa = PBXFileReference; lastKnownFileType = sourcecode.swift; path = AudioServing.swift; sourceTree = "<group>"; };
		3359ABF261CFA9F846D93EFF /* ProgressionTests.swift */ = {isa = PBXFileReference; lastKnownFileType = sourcecode.swift; path = ProgressionTests.swift; sourceTree = "<group>"; };
		33712430173896334212254A /* AdCadence.swift */ = {isa = PBXFileReference; lastKnownFileType = sourcecode.swift; path = AdCadence.swift; sourceTree = "<group>"; };
		35140565F421F06F71D5E9BA /* GameEngine.swift */ = {isa = PBXFileReference; lastKnownFileType = sourcecode.swift; path = GameEngine.swift; sourceTree = "<group>"; };
		36596CDA186F0E9488333DD8 /* AdServing.swift */ = {isa = PBXFileReference; lastKnownFileType = sourcecode.swift; path = AdServing.swift; sourceTree = "<group>"; };
		365C2BF814ADD50E682DF4C9 /* AdCadenceTests.swift */ = {isa = PBXFileReference; lastKnownFileType = sourcecode.swift; path = AdCadenceTests.swift; sourceTree = "<group>"; };
		38BF1074826D8923ED29E1C1 /* BattlefieldScene.swift */ = {isa = PBXFileReference; lastKnownFileType = sourcecode.swift; path = BattlefieldScene.swift; sourceTree = "<group>"; };
		3C8AE08E3A9C58C9089365BD /* GoogleAdService.swift */ = {isa = PBXFileReference; lastKnownFileType = sourcecode.swift; path = GoogleAdService.swift; sourceTree = "<group>"; };
		44B4F820B028FAEDC12BC2BE /* Localizable.xcstrings */ = {isa = PBXFileReference; lastKnownFileType = text.json.xcstrings; path = Localizable.xcstrings; sourceTree = "<group>"; };
		45BF11DA0CEA98D9A527D17F /* AdConfiguration.plist */ = {isa = PBXFileReference; lastKnownFileType = text.plist; path = AdConfiguration.plist; sourceTree = "<group>"; };
		46AF581CB99853DEFE9563F8 /* PrivacyInfo.xcprivacy */ = {isa = PBXFileReference; path = PrivacyInfo.xcprivacy; sourceTree = "<group>"; };
		4C99064959B7544D3E168580 /* SaveStoreTests.swift */ = {isa = PBXFileReference; lastKnownFileType = sourcecode.swift; path = SaveStoreTests.swift; sourceTree = "<group>"; };
		4D1D1416FA214CCE8156FA52 /* Missions.swift */ = {isa = PBXFileReference; lastKnownFileType = sourcecode.swift; path = Missions.swift; sourceTree = "<group>"; };
		4F5DF832C864F25085FC4E62 /* AppModelTests.swift */ = {isa = PBXFileReference; lastKnownFileType = sourcecode.swift; path = AppModelTests.swift; sourceTree = "<group>"; };
		581073484676CCD80A8968AB /* ConsentTests.swift */ = {isa = PBXFileReference; lastKnownFileType = sourcecode.swift; path = ConsentTests.swift; sourceTree = "<group>"; };
		5E48FB0A20BE05603B63D0C5 /* Progression.swift */ = {isa = PBXFileReference; lastKnownFileType = sourcecode.swift; path = Progression.swift; sourceTree = "<group>"; };
		60685EA0D843C75EF14B7768 /* TutorialUITests.swift */ = {isa = PBXFileReference; lastKnownFileType = sourcecode.swift; path = TutorialUITests.swift; sourceTree = "<group>"; };
		615A65885930293869BDF5B9 /* ko */ = {isa = PBXFileReference; lastKnownFileType = text.plist.strings; name = ko; path = ko.lproj/InfoPlist.strings; sourceTree = "<group>"; };
		619BED3F3A914E8E02A0E2AD /* ConsentManaging.swift */ = {isa = PBXFileReference; lastKnownFileType = sourcecode.swift; path = ConsentManaging.swift; sourceTree = "<group>"; };
		641F490BBBD79BFE2DD46A52 /* LastBeaconUITests.xctest */ = {isa = PBXFileReference; includeInIndex = 0; lastKnownFileType = wrapper.cfbundle; path = LastBeaconUITests.xctest; sourceTree = BUILT_PRODUCTS_DIR; };
		68023A7D0656760AEED3FF78 /* es */ = {isa = PBXFileReference; lastKnownFileType = text.plist.strings; name = es; path = es.lproj/InfoPlist.strings; sourceTree = "<group>"; };
		6B35D0AE7BC598CD46D7544B /* GameCenterSubmissionQueue.swift */ = {isa = PBXFileReference; lastKnownFileType = sourcecode.swift; path = GameCenterSubmissionQueue.swift; sourceTree = "<group>"; };
		6F0B25FC3372D39C138DB05B /* LastBeaconApp.swift */ = {isa = PBXFileReference; lastKnownFileType = sourcecode.swift; path = LastBeaconApp.swift; sourceTree = "<group>"; };
		7377896AF8394480E5A1937E /* defeat.wav */ = {isa = PBXFileReference; lastKnownFileType = audio.wav; path = defeat.wav; sourceTree = "<group>"; };
		7853D95B7FE06C56FA2F08AC /* GameClock.swift */ = {isa = PBXFileReference; lastKnownFileType = sourcecode.swift; path = GameClock.swift; sourceTree = "<group>"; };
		82A1130E5FB53B4F770149A2 /* ResultsView.swift */ = {isa = PBXFileReference; lastKnownFileType = sourcecode.swift; path = ResultsView.swift; sourceTree = "<group>"; };
		87BEFE51E7D26D5598674078 /* LastBeacon.app */ = {isa = PBXFileReference; includeInIndex = 0; lastKnownFileType = wrapper.application; path = LastBeacon.app; sourceTree = BUILT_PRODUCTS_DIR; };
		9179B2E8CFD14C710F9A8A36 /* HapticServing.swift */ = {isa = PBXFileReference; lastKnownFileType = sourcecode.swift; path = HapticServing.swift; sourceTree = "<group>"; };
		91E9BECB6E5C7E1ED41FE775 /* Assets.xcassets */ = {isa = PBXFileReference; lastKnownFileType = folder.assetcatalog; path = Assets.xcassets; sourceTree = "<group>"; };
		95335643ECF7331DCFD0D443 /* GameEngineTests.swift */ = {isa = PBXFileReference; lastKnownFileType = sourcecode.swift; path = GameEngineTests.swift; sourceTree = "<group>"; };
		95BC772C168D3271CAC13CAE /* victory.wav */ = {isa = PBXFileReference; lastKnownFileType = audio.wav; path = victory.wav; sourceTree = "<group>"; };
		9C44D23338AD635470A0C3BF /* NeonTheme.swift */ = {isa = PBXFileReference; lastKnownFileType = sourcecode.swift; path = NeonTheme.swift; sourceTree = "<group>"; };
		9C76B4CFC9084BD803A411A1 /* fr */ = {isa = PBXFileReference; lastKnownFileType = text.plist.strings; name = fr; path = fr.lproj/InfoPlist.strings; sourceTree = "<group>"; };
		9ED0F1502708C7C1026977C2 /* TutorialCoordinatorTests.swift */ = {isa = PBXFileReference; lastKnownFileType = sourcecode.swift; path = TutorialCoordinatorTests.swift; sourceTree = "<group>"; };
		A723FACC80D05233C499BC84 /* AppDependencies.swift */ = {isa = PBXFileReference; lastKnownFileType = sourcecode.swift; path = AppDependencies.swift; sourceTree = "<group>"; };
		B1EF080762E6C481CCA6E27E /* ContentCatalogTests.swift */ = {isa = PBXFileReference; lastKnownFileType = sourcecode.swift; path = ContentCatalogTests.swift; sourceTree = "<group>"; };
		B36EC0B274833C97DD11C8AA /* ContentCatalog.swift */ = {isa = PBXFileReference; lastKnownFileType = sourcecode.swift; path = ContentCatalog.swift; sourceTree = "<group>"; };
		BD418DBDF14368F9D5036E75 /* GameState.swift */ = {isa = PBXFileReference; lastKnownFileType = sourcecode.swift; path = GameState.swift; sourceTree = "<group>"; };
		C40BAB039B56F0E8816AB390 /* AdInitializationGate.swift */ = {isa = PBXFileReference; lastKnownFileType = sourcecode.swift; path = AdInitializationGate.swift; sourceTree = "<group>"; };
		CF59749348A00CEEA91CEE0D /* pt-BR */ = {isa = PBXFileReference; lastKnownFileType = text.plist.strings; name = "pt-BR"; path = "pt-BR.lproj/InfoPlist.strings"; sourceTree = "<group>"; };
		D6165462DB6DF93FC5646BDD /* SaveDocument.swift */ = {isa = PBXFileReference; lastKnownFileType = sourcecode.swift; path = SaveDocument.swift; sourceTree = "<group>"; };
		D7DC61B04E40074849A800B5 /* GameCenterQueueTests.swift */ = {isa = PBXFileReference; lastKnownFileType = sourcecode.swift; path = GameCenterQueueTests.swift; sourceTree = "<group>"; };
		D7EA2AEF744D052EB0F91FDF /* zh-Hans */ = {isa = PBXFileReference; lastKnownFileType = text.plist.strings; name = "zh-Hans"; path = "zh-Hans.lproj/InfoPlist.strings"; sourceTree = "<group>"; };
		D974E826265380CFFA7A78CE /* ambient_loop.wav */ = {isa = PBXFileReference; lastKnownFileType = audio.wav; path = ambient_loop.wav; sourceTree = "<group>"; };
		DC0F6087B214EBAED06A4A60 /* Upgrades.swift */ = {isa = PBXFileReference; lastKnownFileType = sourcecode.swift; path = Upgrades.swift; sourceTree = "<group>"; };
		DDA0282EB2C03E1BDC121998 /* SettingsView.swift */ = {isa = PBXFileReference; lastKnownFileType = sourcecode.swift; path = SettingsView.swift; sourceTree = "<group>"; };
		E1D4FB276AED5A1C2F29AC20 /* FileSaveStore.swift */ = {isa = PBXFileReference; lastKnownFileType = sourcecode.swift; path = FileSaveStore.swift; sourceTree = "<group>"; };
		E3E3D84DC9046842FCFFF48D /* MissionSelectView.swift */ = {isa = PBXFileReference; lastKnownFileType = sourcecode.swift; path = MissionSelectView.swift; sourceTree = "<group>"; };
		E905CA2E1AF4372CBE273100 /* AppModel.swift */ = {isa = PBXFileReference; lastKnownFileType = sourcecode.swift; path = AppModel.swift; sourceTree = "<group>"; };
		EAD23C67966180417CEACC5E /* en */ = {isa = PBXFileReference; lastKnownFileType = text.plist.strings; name = en; path = en.lproj/InfoPlist.strings; sourceTree = "<group>"; };
		EB2784395F579FB548AB6651 /* GameClockTests.swift */ = {isa = PBXFileReference; lastKnownFileType = sourcecode.swift; path = GameClockTests.swift; sourceTree = "<group>"; };
		EC3EEDBC43E2A1F43951AFC4 /* TutorialCoordinator.swift */ = {isa = PBXFileReference; lastKnownFileType = sourcecode.swift; path = TutorialCoordinator.swift; sourceTree = "<group>"; };
		ED37E8013E690C8700378A84 /* CombatTypes.swift */ = {isa = PBXFileReference; lastKnownFileType = sourcecode.swift; path = CombatTypes.swift; sourceTree = "<group>"; };
		F0AAB1E16F9F31D704B87311 /* LocalizationTests.swift */ = {isa = PBXFileReference; lastKnownFileType = sourcecode.swift; path = LocalizationTests.swift; sourceTree = "<group>"; };
		F52AAA2E490519591D83D60C /* ja */ = {isa = PBXFileReference; lastKnownFileType = text.plist.strings; name = ja; path = ja.lproj/InfoPlist.strings; sourceTree = "<group>"; };
		F5BE8F3232F178758A2C4E4A /* GameSessionTests.swift */ = {isa = PBXFileReference; lastKnownFileType = sourcecode.swift; path = GameSessionTests.swift; sourceTree = "<group>"; };
		FCD111B767F898E2BDAD7293 /* SeededGenerator.swift */ = {isa = PBXFileReference; lastKnownFileType = sourcecode.swift; path = SeededGenerator.swift; sourceTree = "<group>"; };
		FDFE617877812926D7119669 /* tower.wav */ = {isa = PBXFileReference; lastKnownFileType = audio.wav; path = tower.wav; sourceTree = "<group>"; };
/* End PBXFileReference section */

/* Begin PBXFrameworksBuildPhase section */
		972D1C382473AF5629288D66 /* Frameworks */ = {
			isa = PBXFrameworksBuildPhase;
			buildActionMask = 2147483647;
			files = (
				C07B14FE82B6ADDF773D8BB9 /* GoogleMobileAds in Frameworks */,
			);
			runOnlyForDeploymentPostprocessing = 0;
		};
/* End PBXFrameworksBuildPhase section */

/* Begin PBXGroup section */
		0F6CB25913CEE72355CF0C92 /* GameCenter */ = {
			isa = PBXGroup;
			children = (
				2DF7B4BCD1D417C98CAB9620 /* GameCenterServing.swift */,
				6B35D0AE7BC598CD46D7544B /* GameCenterSubmissionQueue.swift */,
			);
			path = GameCenter;
			sourceTree = "<group>";
		};
		129D17F73C9C293EB3FC62AF /* Save */ = {
			isa = PBXGroup;
			children = (
				E1D4FB276AED5A1C2F29AC20 /* FileSaveStore.swift */,
				D6165462DB6DF93FC5646BDD /* SaveDocument.swift */,
				0DBB0162B8FC4A56520B3507 /* SaveStore.swift */,
			);
			path = Save;
			sourceTree = "<group>";
		};
		14F0FA11C516D8B96C4541F6 /* Services */ = {
			isa = PBXGroup;
			children = (
				7909652C42579D84252F27FB /* Ads */,
				92136F51A20661EC93164192 /* Audio */,
				490CF172D4EFB29422B6058F /* Consent */,
				0F6CB25913CEE72355CF0C92 /* GameCenter */,
				1A5BF88C8CD0F2C0C90FF1E7 /* Haptics */,
				129D17F73C9C293EB3FC62AF /* Save */,
			);
			path = Services;
			sourceTree = "<group>";
		};
		1A5BF88C8CD0F2C0C90FF1E7 /* Haptics */ = {
			isa = PBXGroup;
			children = (
				9179B2E8CFD14C710F9A8A36 /* HapticServing.swift */,
			);
			path = Haptics;
			sourceTree = "<group>";
		};
		25A249876AB552208BA575D8 /* Products */ = {
			isa = PBXGroup;
			children = (
				87BEFE51E7D26D5598674078 /* LastBeacon.app */,
				1F5F49C6490E8ADEC2FC6EEB /* LastBeaconTests.xctest */,
				641F490BBBD79BFE2DD46A52 /* LastBeaconUITests.xctest */,
			);
			name = Products;
			sourceTree = "<group>";
		};
		3706D2E6AAF53179B5C90AC7 /* Tutorial */ = {
			isa = PBXGroup;
			children = (
				EC3EEDBC43E2A1F43951AFC4 /* TutorialCoordinator.swift */,
			);
			path = Tutorial;
			sourceTree = "<group>";
		};
		3B3EDA4B8EAC3BBA36867620 /* Game */ = {
			isa = PBXGroup;
			children = (
				0B2B1557A95D1CB44697481E /* GameHostView.swift */,
				0DF13490E61039472BB1768A /* GameSessionModel.swift */,
			);
			path = Game;
			sourceTree = "<group>";
		};
		4300B588856947D346A8335D /* LastBeaconUITests */ = {
			isa = PBXGroup;
			children = (
				0BE243DB72F2D4141E270EF7 /* LaunchSmokeUITests.swift */,
				60685EA0D843C75EF14B7768 /* TutorialUITests.swift */,
			);
			path = LastBeaconUITests;
			sourceTree = "<group>";
		};
		490CF172D4EFB29422B6058F /* Consent */ = {
			isa = PBXGroup;
			children = (
				C40BAB039B56F0E8816AB390 /* AdInitializationGate.swift */,
				619BED3F3A914E8E02A0E2AD /* ConsentManaging.swift */,
				09099FEBA767E0D4727A98D0 /* GoogleConsentManager.swift */,
			);
			path = Consent;
			sourceTree = "<group>";
		};
		65D16E7487A1543C37DE73A2 /* LastBeaconTests */ = {
			isa = PBXGroup;
			children = (
				365C2BF814ADD50E682DF4C9 /* AdCadenceTests.swift */,
				4F5DF832C864F25085FC4E62 /* AppModelTests.swift */,
				581073484676CCD80A8968AB /* ConsentTests.swift */,
				B1EF080762E6C481CCA6E27E /* ContentCatalogTests.swift */,
				D7DC61B04E40074849A800B5 /* GameCenterQueueTests.swift */,
				EB2784395F579FB548AB6651 /* GameClockTests.swift */,
				95335643ECF7331DCFD0D443 /* GameEngineTests.swift */,
				F5BE8F3232F178758A2C4E4A /* GameSessionTests.swift */,
				F0AAB1E16F9F31D704B87311 /* LocalizationTests.swift */,
				3359ABF261CFA9F846D93EFF /* ProgressionTests.swift */,
				4C99064959B7544D3E168580 /* SaveStoreTests.swift */,
				3172A5F0F40B264361BBD1D1 /* SmokeTests.swift */,
				9ED0F1502708C7C1026977C2 /* TutorialCoordinatorTests.swift */,
			);
			path = LastBeaconTests;
			sourceTree = "<group>";
		};
		78304F35E1ABD2B9148F84AA /* Results */ = {
			isa = PBXGroup;
			children = (
				82A1130E5FB53B4F770149A2 /* ResultsView.swift */,
			);
			path = Results;
			sourceTree = "<group>";
		};
		7909652C42579D84252F27FB /* Ads */ = {
			isa = PBXGroup;
			children = (
				33712430173896334212254A /* AdCadence.swift */,
				36596CDA186F0E9488333DD8 /* AdServing.swift */,
				287978B3EBC8A6C3E4D8077F /* AdUnitConfiguration.swift */,
				3C8AE08E3A9C58C9089365BD /* GoogleAdService.swift */,
			);
			path = Ads;
			sourceTree = "<group>";
		};
		8556257D629FFAA0A5D0BF31 /* GameModel */ = {
			isa = PBXGroup;
			children = (
				ED37E8013E690C8700378A84 /* CombatTypes.swift */,
				B36EC0B274833C97DD11C8AA /* ContentCatalog.swift */,
				35140565F421F06F71D5E9BA /* GameEngine.swift */,
				BD418DBDF14368F9D5036E75 /* GameState.swift */,
				4D1D1416FA214CCE8156FA52 /* Missions.swift */,
				5E48FB0A20BE05603B63D0C5 /* Progression.swift */,
				FCD111B767F898E2BDAD7293 /* SeededGenerator.swift */,
				DC0F6087B214EBAED06A4A60 /* Upgrades.swift */,
			);
			path = GameModel;
			sourceTree = "<group>";
		};
		8704B09DB921F41B2D9EEDEC /* LastBeacon */ = {
			isa = PBXGroup;
			children = (
				CAEDB4C65D4D8BD6DB1E8A0E /* App */,
				8B924726F79296303ECC0C16 /* Features */,
				8556257D629FFAA0A5D0BF31 /* GameModel */,
				BCE475B730D6EBABBEC6BA9A /* GameScene */,
				E000BFD5D6878C5B7AC7AAEC /* Resources */,
				14F0FA11C516D8B96C4541F6 /* Services */,
			);
			path = LastBeacon;
			sourceTree = "<group>";
		};
		8B924726F79296303ECC0C16 /* Features */ = {
			isa = PBXGroup;
			children = (
				3B3EDA4B8EAC3BBA36867620 /* Game */,
				B4AD24F27213D259ECC418B4 /* Home */,
				981C4C70C9915B7BC89A88C2 /* Missions */,
				78304F35E1ABD2B9148F84AA /* Results */,
				CCCFAF02695EEF65E53D0C2F /* Settings */,
				3706D2E6AAF53179B5C90AC7 /* Tutorial */,
			);
			path = Features;
			sourceTree = "<group>";
		};
		92136F51A20661EC93164192 /* Audio */ = {
			isa = PBXGroup;
			children = (
				32C75ACAC50593381E09FEB1 /* AudioServing.swift */,
			);
			path = Audio;
			sourceTree = "<group>";
		};
		981C4C70C9915B7BC89A88C2 /* Missions */ = {
			isa = PBXGroup;
			children = (
				E3E3D84DC9046842FCFFF48D /* MissionSelectView.swift */,
			);
			path = Missions;
			sourceTree = "<group>";
		};
		AA5467C83795503CF7216448 /* Audio */ = {
			isa = PBXGroup;
			children = (
				D974E826265380CFFA7A78CE /* ambient_loop.wav */,
				7377896AF8394480E5A1937E /* defeat.wav */,
				FDFE617877812926D7119669 /* tower.wav */,
				95BC772C168D3271CAC13CAE /* victory.wav */,
			);
			path = Audio;
			sourceTree = "<group>";
		};
		B4AD24F27213D259ECC418B4 /* Home */ = {
			isa = PBXGroup;
			children = (
				162381D6BE74BC06BBEA8FDB /* HomeView.swift */,
			);
			path = Home;
			sourceTree = "<group>";
		};
		BCE475B730D6EBABBEC6BA9A /* GameScene */ = {
			isa = PBXGroup;
			children = (
				2CE49FB49E16152CAC600D87 /* BattlefieldRenderer.swift */,
				38BF1074826D8923ED29E1C1 /* BattlefieldScene.swift */,
				7853D95B7FE06C56FA2F08AC /* GameClock.swift */,
			);
			path = GameScene;
			sourceTree = "<group>";
		};
		C695444E99C75C9FBDF21A70 = {
			isa = PBXGroup;
			children = (
				8704B09DB921F41B2D9EEDEC /* LastBeacon */,
				65D16E7487A1543C37DE73A2 /* LastBeaconTests */,
				4300B588856947D346A8335D /* LastBeaconUITests */,
				25A249876AB552208BA575D8 /* Products */,
			);
			sourceTree = "<group>";
		};
		CAEDB4C65D4D8BD6DB1E8A0E /* App */ = {
			isa = PBXGroup;
			children = (
				A723FACC80D05233C499BC84 /* AppDependencies.swift */,
				E905CA2E1AF4372CBE273100 /* AppModel.swift */,
				6F0B25FC3372D39C138DB05B /* LastBeaconApp.swift */,
				9C44D23338AD635470A0C3BF /* NeonTheme.swift */,
			);
			path = App;
			sourceTree = "<group>";
		};
		CCCFAF02695EEF65E53D0C2F /* Settings */ = {
			isa = PBXGroup;
			children = (
				DDA0282EB2C03E1BDC121998 /* SettingsView.swift */,
			);
			path = Settings;
			sourceTree = "<group>";
		};
		E000BFD5D6878C5B7AC7AAEC /* Resources */ = {
			isa = PBXGroup;
			children = (
				45BF11DA0CEA98D9A527D17F /* AdConfiguration.plist */,
				91E9BECB6E5C7E1ED41FE775 /* Assets.xcassets */,
				44B4F820B028FAEDC12BC2BE /* Localizable.xcstrings */,
				46AF581CB99853DEFE9563F8 /* PrivacyInfo.xcprivacy */,
				AA5467C83795503CF7216448 /* Audio */,
				D760BE537980EEE4ED7D8F3C /* InfoPlist.strings */,
			);
			path = Resources;
			sourceTree = "<group>";
		};
/* End PBXGroup section */

/* Begin PBXNativeTarget section */
		69B96D9CA33F901F916D7ABE /* LastBeaconUITests */ = {
			isa = PBXNativeTarget;
			buildConfigurationList = CB0ADA9A73B10241BAFE17AE /* Build configuration list for PBXNativeTarget "LastBeaconUITests" */;
			buildPhases = (
				CF352E8D01AE0DABB44C9D30 /* Sources */,
			);
			buildRules = (
			);
			dependencies = (
				BBAE7248032DB34B75378D18 /* PBXTargetDependency */,
			);
			name = LastBeaconUITests;
			packageProductDependencies = (
			);
			productName = LastBeaconUITests;
			productReference = 641F490BBBD79BFE2DD46A52 /* LastBeaconUITests.xctest */;
			productType = "com.apple.product-type.bundle.ui-testing";
		};
		AA2942028E248ED0B3B37B6E /* LastBeaconTests */ = {
			isa = PBXNativeTarget;
			buildConfigurationList = B5655FAB7D38725C9486D5D9 /* Build configuration list for PBXNativeTarget "LastBeaconTests" */;
			buildPhases = (
				99CC76384428C64E6374ED5D /* Sources */,
			);
			buildRules = (
			);
			dependencies = (
				480D4F4AA5AB7EA3D254AD37 /* PBXTargetDependency */,
			);
			name = LastBeaconTests;
			packageProductDependencies = (
			);
			productName = LastBeaconTests;
			productReference = 1F5F49C6490E8ADEC2FC6EEB /* LastBeaconTests.xctest */;
			productType = "com.apple.product-type.bundle.unit-test";
		};
		EB5D6D8E994374837B007D05 /* LastBeacon */ = {
			isa = PBXNativeTarget;
			buildConfigurationList = C90F561D0267F3577AC04CC3 /* Build configuration list for PBXNativeTarget "LastBeacon" */;
			buildPhases = (
				B9CCEC63060E51641F32B0A8 /* Sources */,
				007509A66D817AA4ABA4C5A6 /* Resources */,
				972D1C382473AF5629288D66 /* Frameworks */,
			);
			buildRules = (
			);
			dependencies = (
			);
			name = LastBeacon;
			packageProductDependencies = (
				3A126CB56BB7F193958973BD /* GoogleMobileAds */,
			);
			productName = LastBeacon;
			productReference = 87BEFE51E7D26D5598674078 /* LastBeacon.app */;
			productType = "com.apple.product-type.application";
		};
/* End PBXNativeTarget section */

/* Begin PBXProject section */
		B8C498C9E70F428B53459ED9 /* Project object */ = {
			isa = PBXProject;
			attributes = {
				BuildIndependentTargetsInParallel = YES;
				LastUpgradeCheck = 1430;
				TargetAttributes = {
					69B96D9CA33F901F916D7ABE = {
						TestTargetID = EB5D6D8E994374837B007D05;
					};
					EB5D6D8E994374837B007D05 = {
						DevelopmentTeam = BYSD998XY3;
					};
				};
			};
			buildConfigurationList = DFBB59250A4DD2B84729FB52 /* Build configuration list for PBXProject "LastBeacon" */;
			developmentRegion = en;
			hasScannedForEncodings = 0;
			knownRegions = (
				Base,
				en,
				es,
				fr,
				ja,
				ko,
				"pt-BR",
				"zh-Hans",
			);
			mainGroup = C695444E99C75C9FBDF21A70;
			minimizedProjectReferenceProxies = 1;
			packageReferences = (
				B8775E9B003573020FF346CC /* XCRemoteSwiftPackageReference "swift-package-manager-google-mobile-ads" */,
			);
			preferredProjectObjectVersion = 77;
			productRefGroup = 25A249876AB552208BA575D8 /* Products */;
			projectDirPath = "";
			projectRoot = "";
			targets = (
				EB5D6D8E994374837B007D05 /* LastBeacon */,
				AA2942028E248ED0B3B37B6E /* LastBeaconTests */,
				69B96D9CA33F901F916D7ABE /* LastBeaconUITests */,
			);
		};
/* End PBXProject section */

/* Begin PBXResourcesBuildPhase section */
		007509A66D817AA4ABA4C5A6 /* Resources */ = {
			isa = PBXResourcesBuildPhase;
			buildActionMask = 2147483647;
			files = (
				075272E8B5062504E0786216 /* AdConfiguration.plist in Resources */,
				704FC9D67054168C216CEC9F /* Assets.xcassets in Resources */,
				F5C2639DE4D2180211545A4A /* InfoPlist.strings in Resources */,
				10397F5369803CD173BA1C2E /* Localizable.xcstrings in Resources */,
				8638A72C6771A05E2344CE8D /* PrivacyInfo.xcprivacy in Resources */,
				51CC8562E2D25783BE84BCAC /* ambient_loop.wav in Resources */,
				F308F67CCE2AAC03348F395D /* defeat.wav in Resources */,
				9CE60112BF1B22901768BC6A /* tower.wav in Resources */,
				61F319DBFC8E67E2BCD659A0 /* victory.wav in Resources */,
			);
			runOnlyForDeploymentPostprocessing = 0;
		};
/* End PBXResourcesBuildPhase section */

/* Begin PBXSourcesBuildPhase section */
		99CC76384428C64E6374ED5D /* Sources */ = {
			isa = PBXSourcesBuildPhase;
			buildActionMask = 2147483647;
			files = (
				216D33EBD8867B05B951758C /* AdCadenceTests.swift in Sources */,
				79C9C60BD08E42507ACB8E9D /* AppModelTests.swift in Sources */,
				C038FBC278F2026224B11627 /* ConsentTests.swift in Sources */,
				884D7472C6B5B95771C2EA57 /* ContentCatalogTests.swift in Sources */,
				1566C6B2F2D6AECE679E4D33 /* GameCenterQueueTests.swift in Sources */,
				C965E0FA4600E97791806E1D /* GameClockTests.swift in Sources */,
				F0761970EC83D6FEE00AA313 /* GameEngineTests.swift in Sources */,
				879F0B67096327D71DEBDC96 /* GameSessionTests.swift in Sources */,
				DB718CAED06298CA2E4A3DFD /* LocalizationTests.swift in Sources */,
				DFF1C61C198977474AC7A9D9 /* ProgressionTests.swift in Sources */,
				493E8DA2592FEE7402701666 /* SaveStoreTests.swift in Sources */,
				52BF3536EBF150419B096382 /* SmokeTests.swift in Sources */,
				EF8C2C1E203CAE23D7A5995C /* TutorialCoordinatorTests.swift in Sources */,
			);
			runOnlyForDeploymentPostprocessing = 0;
		};
		B9CCEC63060E51641F32B0A8 /* Sources */ = {
			isa = PBXSourcesBuildPhase;
			buildActionMask = 2147483647;
			files = (
				03D61A4094046694E297F8E0 /* AdCadence.swift in Sources */,
				9A821A4BD3D8A98A4F5882F5 /* AdInitializationGate.swift in Sources */,
				8E45F4C72E9011557AD808C6 /* AdServing.swift in Sources */,
				9B689571FA131968908A769D /* AdUnitConfiguration.swift in Sources */,
				5208B1812BCE275D3AB6F547 /* AppDependencies.swift in Sources */,
				FED1990571B2A59EA032212A /* AppModel.swift in Sources */,
				09818897DE79B180E63B930A /* AudioServing.swift in Sources */,
				D0DF7436CA94B4134767F839 /* BattlefieldRenderer.swift in Sources */,
				F3D3832E90B72BFC31CD6715 /* BattlefieldScene.swift in Sources */,
				2407744EF9FA343654915F1D /* CombatTypes.swift in Sources */,
				7B7825FE1970266E2D0822B2 /* ConsentManaging.swift in Sources */,
				AF51B6686799599CCEEE1EE1 /* ContentCatalog.swift in Sources */,
				0AB7A03AB3ED3318AE6B5056 /* FileSaveStore.swift in Sources */,
				3D53FF8B341310E53744148B /* GameCenterServing.swift in Sources */,
				1390645581F3FD8F3147F207 /* GameCenterSubmissionQueue.swift in Sources */,
				6B15D33C5336DADCEE69E8A1 /* GameClock.swift in Sources */,
				FB6E93B62A7DAD3284B0CA60 /* GameEngine.swift in Sources */,
				DBA3B4604762A7E871A59BDA /* GameHostView.swift in Sources */,
				3BFC1B4B27C8B4EB3B1F7CE4 /* GameSessionModel.swift in Sources */,
				846D4BF1E3C4AB663AE99E4B /* GameState.swift in Sources */,
				36CA979B030834FD94776AB9 /* GoogleAdService.swift in Sources */,
				3BEF20A594AA5A0292CC73C1 /* GoogleConsentManager.swift in Sources */,
				2A9C70D4C0B76AA1360D6A17 /* HapticServing.swift in Sources */,
				2903894849C8FD91FD25275B /* HomeView.swift in Sources */,
				535552C3F47CB5AC8D41711E /* LastBeaconApp.swift in Sources */,
				C96EACEC7CA01E5794F34251 /* MissionSelectView.swift in Sources */,
				185ADAC5B0D38835E444F575 /* Missions.swift in Sources */,
				2501344409E064C4639A4FB9 /* NeonTheme.swift in Sources */,
				6387C098BECD121F20998F5D /* Progression.swift in Sources */,
				E6E55DC8BF838CD6B03F84A2 /* ResultsView.swift in Sources */,
				A5AC87D1714D923893301085 /* SaveDocument.swift in Sources */,
				76E1704A62338275C4E541CE /* SaveStore.swift in Sources */,
				8EAECDE58DA917D08ED254AF /* SeededGenerator.swift in Sources */,
				DBEDC005B442BD45AA0CA44E /* SettingsView.swift in Sources */,
				F252DCAD630E46373E720AC2 /* TutorialCoordinator.swift in Sources */,
				605C185D42A06650B0EF8095 /* Upgrades.swift in Sources */,
			);
			runOnlyForDeploymentPostprocessing = 0;
		};
		CF352E8D01AE0DABB44C9D30 /* Sources */ = {
			isa = PBXSourcesBuildPhase;
			buildActionMask = 2147483647;
			files = (
				EC1693961F29FD610C75EC2A /* LaunchSmokeUITests.swift in Sources */,
				D9AE178A9F68BAD842271525 /* TutorialUITests.swift in Sources */,
			);
			runOnlyForDeploymentPostprocessing = 0;
		};
/* End PBXSourcesBuildPhase section */

/* Begin PBXTargetDependency section */
		480D4F4AA5AB7EA3D254AD37 /* PBXTargetDependency */ = {
			isa = PBXTargetDependency;
			target = EB5D6D8E994374837B007D05 /* LastBeacon */;
			targetProxy = 589CA60CDE9F5511263EBDDE /* PBXContainerItemProxy */;
		};
		BBAE7248032DB34B75378D18 /* PBXTargetDependency */ = {
			isa = PBXTargetDependency;
			target = EB5D6D8E994374837B007D05 /* LastBeacon */;
			targetProxy = A39D6D3C8D1187023C964084 /* PBXContainerItemProxy */;
		};
/* End PBXTargetDependency section */

/* Begin PBXVariantGroup section */
		D760BE537980EEE4ED7D8F3C /* InfoPlist.strings */ = {
			isa = PBXVariantGroup;
			children = (
				EAD23C67966180417CEACC5E /* en */,
				68023A7D0656760AEED3FF78 /* es */,
				9C76B4CFC9084BD803A411A1 /* fr */,
				F52AAA2E490519591D83D60C /* ja */,
				615A65885930293869BDF5B9 /* ko */,
				CF59749348A00CEEA91CEE0D /* pt-BR */,
				D7EA2AEF744D052EB0F91FDF /* zh-Hans */,
			);
			name = InfoPlist.strings;
			sourceTree = "<group>";
		};
/* End PBXVariantGroup section */

/* Begin XCBuildConfiguration section */
		10DA59877E5B2B7720920592 /* Release */ = {
			isa = XCBuildConfiguration;
			buildSettings = {
				BUNDLE_LOADER = "$(TEST_HOST)";
				LD_RUNPATH_SEARCH_PATHS = (
					"$(inherited)",
					"@executable_path/Frameworks",
					"@loader_path/Frameworks",
				);
				PRODUCT_BUNDLE_IDENTIFIER = com.limeunkyu.lastbeacon.tests;
				SDKROOT = iphoneos;
				TARGETED_DEVICE_FAMILY = "1,2";
				TEST_HOST = "$(BUILT_PRODUCTS_DIR)/LastBeacon.app/LastBeacon";
			};
			name = Release;
		};
		1629F8A28619E346FD735091 /* Debug */ = {
			isa = XCBuildConfiguration;
			buildSettings = {
				BUNDLE_LOADER = "$(TEST_HOST)";
				LD_RUNPATH_SEARCH_PATHS = (
					"$(inherited)",
					"@executable_path/Frameworks",
					"@loader_path/Frameworks",
				);
				PRODUCT_BUNDLE_IDENTIFIER = com.limeunkyu.lastbeacon.tests;
				SDKROOT = iphoneos;
				TARGETED_DEVICE_FAMILY = "1,2";
				TEST_HOST = "$(BUILT_PRODUCTS_DIR)/LastBeacon.app/LastBeacon";
			};
			name = Debug;
		};
		59931A1993A80C69C02EF552 /* Debug */ = {
			isa = XCBuildConfiguration;
			buildSettings = {
				ASSETCATALOG_COMPILER_APPICON_NAME = AppIcon;
				CODE_SIGN_ENTITLEMENTS = LastBeacon/Resources/LastBeacon.entitlements;
				CODE_SIGN_IDENTITY = "iPhone Developer";
				CURRENT_PROJECT_VERSION = 1;
				DEVELOPMENT_TEAM = BYSD998XY3;
				GAD_APPLICATION_IDENTIFIER = "ca-app-pub-3940256099942544~1458002511";
				GENERATE_INFOPLIST_FILE = NO;
				INFOPLIST_FILE = LastBeacon/Resources/Info.plist;
				LD_RUNPATH_SEARCH_PATHS = (
					"$(inherited)",
					"@executable_path/Frameworks",
				);
				MARKETING_VERSION = 1.0.0;
				PRODUCT_BUNDLE_IDENTIFIER = com.limeunkyu.lastbeacon;
				PRODUCT_NAME = LastBeacon;
				SDKROOT = iphoneos;
				TARGETED_DEVICE_FAMILY = "1,2";
			};
			name = Debug;
		};
		65B39473E26EFB8E7A99E4E9 /* Debug */ = {
			isa = XCBuildConfiguration;
			buildSettings = {
				BUNDLE_LOADER = "$(TEST_HOST)";
				LD_RUNPATH_SEARCH_PATHS = (
					"$(inherited)",
					"@executable_path/Frameworks",
					"@loader_path/Frameworks",
				);
				PRODUCT_BUNDLE_IDENTIFIER = com.limeunkyu.lastbeacon.uitests;
				SDKROOT = iphoneos;
				TARGETED_DEVICE_FAMILY = "1,2";
				TEST_TARGET_NAME = LastBeacon;
			};
			name = Debug;
		};
		8911FB6647DB4888A0BF1646 /* Debug */ = {
			isa = XCBuildConfiguration;
			buildSettings = {
				ALWAYS_SEARCH_USER_PATHS = NO;
				CLANG_ANALYZER_NONNULL = YES;
				CLANG_ANALYZER_NUMBER_OBJECT_CONVERSION = YES_AGGRESSIVE;
				CLANG_CXX_LANGUAGE_STANDARD = "gnu++14";
				CLANG_CXX_LIBRARY = "libc++";
				CLANG_ENABLE_MODULES = YES;
				CLANG_ENABLE_OBJC_ARC = YES;
				CLANG_ENABLE_OBJC_WEAK = YES;
				CLANG_WARN_BLOCK_CAPTURE_AUTORELEASING = YES;
				CLANG_WARN_BOOL_CONVERSION = YES;
				CLANG_WARN_COMMA = YES;
				CLANG_WARN_CONSTANT_CONVERSION = YES;
				CLANG_WARN_DEPRECATED_OBJC_IMPLEMENTATIONS = YES;
				CLANG_WARN_DIRECT_OBJC_ISA_USAGE = YES_ERROR;
				CLANG_WARN_DOCUMENTATION_COMMENTS = YES;
				CLANG_WARN_EMPTY_BODY = YES;
				CLANG_WARN_ENUM_CONVERSION = YES;
				CLANG_WARN_INFINITE_RECURSION = YES;
				CLANG_WARN_INT_CONVERSION = YES;
				CLANG_WARN_NON_LITERAL_NULL_CONVERSION = YES;
				CLANG_WARN_OBJC_IMPLICIT_RETAIN_SELF = YES;
				CLANG_WARN_OBJC_LITERAL_CONVERSION = YES;
				CLANG_WARN_OBJC_ROOT_CLASS = YES_ERROR;
				CLANG_WARN_QUOTED_INCLUDE_IN_FRAMEWORK_HEADER = YES;
				CLANG_WARN_RANGE_LOOP_ANALYSIS = YES;
				CLANG_WARN_STRICT_PROTOTYPES = YES;
				CLANG_WARN_SUSPICIOUS_MOVE = YES;
				CLANG_WARN_UNGUARDED_AVAILABILITY = YES_AGGRESSIVE;
				CLANG_WARN_UNREACHABLE_CODE = YES;
				CLANG_WARN__DUPLICATE_METHOD_MATCH = YES;
				COPY_PHASE_STRIP = NO;
				DEBUG_INFORMATION_FORMAT = dwarf;
				ENABLE_STRICT_OBJC_MSGSEND = YES;
				ENABLE_TESTABILITY = YES;
				GCC_C_LANGUAGE_STANDARD = gnu11;
				GCC_DYNAMIC_NO_PIC = NO;
				GCC_NO_COMMON_BLOCKS = YES;
				GCC_OPTIMIZATION_LEVEL = 0;
				GCC_PREPROCESSOR_DEFINITIONS = (
					"$(inherited)",
					"DEBUG=1",
				);
				GCC_WARN_64_TO_32_BIT_CONVERSION = YES;
				GCC_WARN_ABOUT_RETURN_TYPE = YES_ERROR;
				GCC_WARN_UNDECLARED_SELECTOR = YES;
				GCC_WARN_UNINITIALIZED_AUTOS = YES_AGGRESSIVE;
				GCC_WARN_UNUSED_FUNCTION = YES;
				GCC_WARN_UNUSED_VARIABLE = YES;
				GENERATE_INFOPLIST_FILE = YES;
				IPHONEOS_DEPLOYMENT_TARGET = 17.0;
				MTL_ENABLE_DEBUG_INFO = INCLUDE_SOURCE;
				MTL_FAST_MATH = YES;
				ONLY_ACTIVE_ARCH = YES;
				PRODUCT_NAME = "$(TARGET_NAME)";
				SDKROOT = iphoneos;
				SUPPORTS_MACCATALYST = NO;
				SWIFT_ACTIVE_COMPILATION_CONDITIONS = DEBUG;
				SWIFT_OPTIMIZATION_LEVEL = "-Onone";
				SWIFT_VERSION = 6.0;
				TARGETED_DEVICE_FAMILY = 1;
			};
			name = Debug;
		};
		A7368FFC96EA087B41E62244 /* Release */ = {
			isa = XCBuildConfiguration;
			buildSettings = {
				ALWAYS_SEARCH_USER_PATHS = NO;
				CLANG_ANALYZER_NONNULL = YES;
				CLANG_ANALYZER_NUMBER_OBJECT_CONVERSION = YES_AGGRESSIVE;
				CLANG_CXX_LANGUAGE_STANDARD = "gnu++14";
				CLANG_CXX_LIBRARY = "libc++";
				CLANG_ENABLE_MODULES = YES;
				CLANG_ENABLE_OBJC_ARC = YES;
				CLANG_ENABLE_OBJC_WEAK = YES;
				CLANG_WARN_BLOCK_CAPTURE_AUTORELEASING = YES;
				CLANG_WARN_BOOL_CONVERSION = YES;
				CLANG_WARN_COMMA = YES;
				CLANG_WARN_CONSTANT_CONVERSION = YES;
				CLANG_WARN_DEPRECATED_OBJC_IMPLEMENTATIONS = YES;
				CLANG_WARN_DIRECT_OBJC_ISA_USAGE = YES_ERROR;
				CLANG_WARN_DOCUMENTATION_COMMENTS = YES;
				CLANG_WARN_EMPTY_BODY = YES;
				CLANG_WARN_ENUM_CONVERSION = YES;
				CLANG_WARN_INFINITE_RECURSION = YES;
				CLANG_WARN_INT_CONVERSION = YES;
				CLANG_WARN_NON_LITERAL_NULL_CONVERSION = YES;
				CLANG_WARN_OBJC_IMPLICIT_RETAIN_SELF = YES;
				CLANG_WARN_OBJC_LITERAL_CONVERSION = YES;
				CLANG_WARN_OBJC_ROOT_CLASS = YES_ERROR;
				CLANG_WARN_QUOTED_INCLUDE_IN_FRAMEWORK_HEADER = YES;
				CLANG_WARN_RANGE_LOOP_ANALYSIS = YES;
				CLANG_WARN_STRICT_PROTOTYPES = YES;
				CLANG_WARN_SUSPICIOUS_MOVE = YES;
				CLANG_WARN_UNGUARDED_AVAILABILITY = YES_AGGRESSIVE;
				CLANG_WARN_UNREACHABLE_CODE = YES;
				CLANG_WARN__DUPLICATE_METHOD_MATCH = YES;
				COPY_PHASE_STRIP = NO;
				DEBUG_INFORMATION_FORMAT = "dwarf-with-dsym";
				ENABLE_NS_ASSERTIONS = NO;
				ENABLE_STRICT_OBJC_MSGSEND = YES;
				GCC_C_LANGUAGE_STANDARD = gnu11;
				GCC_NO_COMMON_BLOCKS = YES;
				GCC_WARN_64_TO_32_BIT_CONVERSION = YES;
				GCC_WARN_ABOUT_RETURN_TYPE = YES_ERROR;
				GCC_WARN_UNDECLARED_SELECTOR = YES;
				GCC_WARN_UNINITIALIZED_AUTOS = YES_AGGRESSIVE;
				GCC_WARN_UNUSED_FUNCTION = YES;
				GCC_WARN_UNUSED_VARIABLE = YES;
				GENERATE_INFOPLIST_FILE = YES;
				IPHONEOS_DEPLOYMENT_TARGET = 17.0;
				MTL_ENABLE_DEBUG_INFO = NO;
				MTL_FAST_MATH = YES;
				PRODUCT_NAME = "$(TARGET_NAME)";
				SDKROOT = iphoneos;
				SUPPORTS_MACCATALYST = NO;
				SWIFT_COMPILATION_MODE = wholemodule;
				SWIFT_OPTIMIZATION_LEVEL = "-O";
				SWIFT_VERSION = 6.0;
				TARGETED_DEVICE_FAMILY = 1;
			};
			name = Release;
		};
		E33EFE1821D41FADEECB46CA /* Release */ = {
			isa = XCBuildConfiguration;
			buildSettings = {
				ASSETCATALOG_COMPILER_APPICON_NAME = AppIcon;
				CODE_SIGN_ENTITLEMENTS = LastBeacon/Resources/LastBeacon.entitlements;
				CODE_SIGN_IDENTITY = "iPhone Developer";
				CURRENT_PROJECT_VERSION = 1;
				DEVELOPMENT_TEAM = BYSD998XY3;
				GAD_APPLICATION_IDENTIFIER = "ca-app-pub-5754584472729127~8554677780";
				GENERATE_INFOPLIST_FILE = NO;
				INFOPLIST_FILE = LastBeacon/Resources/Info.plist;
				LD_RUNPATH_SEARCH_PATHS = (
					"$(inherited)",
					"@executable_path/Frameworks",
				);
				MARKETING_VERSION = 1.0.0;
				PRODUCT_BUNDLE_IDENTIFIER = com.limeunkyu.lastbeacon;
				PRODUCT_NAME = LastBeacon;
				SDKROOT = iphoneos;
				TARGETED_DEVICE_FAMILY = "1,2";
			};
			name = Release;
		};
		F65E69699AEB800972829B34 /* Release */ = {
			isa = XCBuildConfiguration;
			buildSettings = {
				BUNDLE_LOADER = "$(TEST_HOST)";
				LD_RUNPATH_SEARCH_PATHS = (
					"$(inherited)",
					"@executable_path/Frameworks",
					"@loader_path/Frameworks",
				);
				PRODUCT_BUNDLE_IDENTIFIER = com.limeunkyu.lastbeacon.uitests;
				SDKROOT = iphoneos;
				TARGETED_DEVICE_FAMILY = "1,2";
				TEST_TARGET_NAME = LastBeacon;
			};
			name = Release;
		};
/* End XCBuildConfiguration section */

/* Begin XCConfigurationList section */
		B5655FAB7D38725C9486D5D9 /* Build configuration list for PBXNativeTarget "LastBeaconTests" */ = {
			isa = XCConfigurationList;
			buildConfigurations = (
				1629F8A28619E346FD735091 /* Debug */,
				10DA59877E5B2B7720920592 /* Release */,
			);
			defaultConfigurationIsVisible = 0;
			defaultConfigurationName = Debug;
		};
		C90F561D0267F3577AC04CC3 /* Build configuration list for PBXNativeTarget "LastBeacon" */ = {
			isa = XCConfigurationList;
			buildConfigurations = (
				59931A1993A80C69C02EF552 /* Debug */,
				E33EFE1821D41FADEECB46CA /* Release */,
			);
			defaultConfigurationIsVisible = 0;
			defaultConfigurationName = Debug;
		};
		CB0ADA9A73B10241BAFE17AE /* Build configuration list for PBXNativeTarget "LastBeaconUITests" */ = {
			isa = XCConfigurationList;
			buildConfigurations = (
				65B39473E26EFB8E7A99E4E9 /* Debug */,
				F65E69699AEB800972829B34 /* Release */,
			);
			defaultConfigurationIsVisible = 0;
			defaultConfigurationName = Debug;
		};
		DFBB59250A4DD2B84729FB52 /* Build configuration list for PBXProject "LastBeacon" */ = {
			isa = XCConfigurationList;
			buildConfigurations = (
				8911FB6647DB4888A0BF1646 /* Debug */,
				A7368FFC96EA087B41E62244 /* Release */,
			);
			defaultConfigurationIsVisible = 0;
			defaultConfigurationName = Debug;
		};
/* End XCConfigurationList section */

/* Begin XCRemoteSwiftPackageReference section */
		B8775E9B003573020FF346CC /* XCRemoteSwiftPackageReference "swift-package-manager-google-mobile-ads" */ = {
			isa = XCRemoteSwiftPackageReference;
			repositoryURL = "https://github.com/googleads/swift-package-manager-google-mobile-ads.git";
			requirement = {
				kind = upToNextMajorVersion;
				minimumVersion = 13.4.0;
			};
		};
/* End XCRemoteSwiftPackageReference section */

/* Begin XCSwiftPackageProductDependency section */
		3A126CB56BB7F193958973BD /* GoogleMobileAds */ = {
			isa = XCSwiftPackageProductDependency;
			package = B8775E9B003573020FF346CC /* XCRemoteSwiftPackageReference "swift-package-manager-google-mobile-ads" */;
			productName = GoogleMobileAds;
		};
/* End XCSwiftPackageProductDependency section */
	};
	rootObject = B8C498C9E70F428B53459ED9 /* Project object */;
}
